# THIS IS AN AUTOGENERATED FILE. DO NOT EDIT THIS FILE DIRECTLY.
# yarn lockfile v1


"@vue/composition-api@^1.0.0-beta.13":
  version "1.0.0-beta.13"
  resolved "https://registry.npm.taobao.org/@vue/composition-api/download/@vue/composition-api-1.0.0-beta.13.tgz#441ffde5edfc0be90ae1fc96bebab70467762b51"
  integrity sha1-RB/95e38C+kK4fyWvrq3BGd2K1E=
  dependencies:
    tslib "^2.0.1"

tslib@^2.0.1:
  version "2.0.1"
  resolved "https://registry.npm.taobao.org/tslib/download/tslib-2.0.1.tgz?cache=0&sync_timestamp=1596751904317&other_urls=https%3A%2F%2Fregistry.npm.taobao.org%2Ftslib%2Fdownload%2Ftslib-2.0.1.tgz#410eb0d113e5b6356490eec749603725b021b43e"
  integrity sha1-QQ6w0RPltjVkkO7HSWA3JbAhtD4=

vue-router@^3.4.3:
  version "3.4.3"
  resolved "https://registry.npm.taobao.org/vue-router/download/vue-router-3.4.3.tgz?cache=0&sync_timestamp=1598983003768&other_urls=https%3A%2F%2Fregistry.npm.taobao.org%2Fvue-router%2Fdownload%2Fvue-router-3.4.3.tgz#fa93768616ee338aa174f160ac965167fa572ffa"
  integrity sha1-+pN2hhbuM4qhdPFgrJZRZ/pXL/o=

vue@^2.6.12:
  version "2.6.12"
  resolved "https://registry.npm.taobao.org/vue/download/vue-2.6.12.tgz#f5ebd4fa6bd2869403e29a896aed4904456c9123"
  integrity sha1-9evU+mvShpQD4pqJau1JBEVskSM=
